{
  "name": "parser-ruby-marshal",
  "version": "1.0.0",
  "lockfileVersion": 2,
  "requires": true,
  "packages": {
    "": {
      "name": "parser-ruby-marshal",
      "version": "1.0.0",
      "license": "ISC",
      "dependencies": {
        "ajanuw-kstream": "^0.1.1"
      },
      "devDependencies": {
        "@types/node": "^14.14.31",
        "typescript": "^4.2.2"
      }
    },
    "node_modules/@types/node": {
      "version": "14.14.31",
      "resolved": "https://registry.npm.taobao.org/@types/node/download/@types/node-14.14.31.tgz?cache=0&sync_timestamp=1613758114120&other_urls=https%3A%2F%2Fregistry.npm.taobao.org%2F%40types%2Fnode%2Fdownload%2F%40types%2Fnode-14.14.31.tgz",
      "integrity": "sha1-cihr0z0TeqDRUtR+x8F2JWPTQFU=",
      "dev": true
    },
    "node_modules/ajanuw-kstream": {
      "version": "0.1.1",
      "resolved": "https://registry.nlark.com/ajanuw-kstream/download/ajanuw-kstream-0.1.1.tgz",
      "integrity": "sha1-o7cyux87Uon/fyXyJjo/rX3DTmc="
    },
    "node_modules/typescript": {
      "version": "4.2.2",
      "resolved": "https://registry.npm.taobao.org/typescript/download/typescript-4.2.2.tgz?cache=0&sync_timestamp=1614237834090&other_urls=https%3A%2F%2Fregistry.npm.taobao.org%2Ftypescript%2Fdownload%2Ftypescript-4.2.2.tgz",
      "integrity": "sha1-FFDwIGGPhy2w6hcxfRbY2o3bjEw=",
      "dev": true,
      "bin": {
        "tsc": "bin/tsc",
        "tsserver": "bin/tsserver"
      },
      "engines": {
        "node": ">=4.2.0"
      }
    }
  },
  "dependencies": {
    "@types/node": {
      "version": "14.14.31",
      "resolved": "https://registry.npm.taobao.org/@types/node/download/@types/node-14.14.31.tgz?cache=0&sync_timestamp=1613758114120&other_urls=https%3A%2F%2Fregistry.npm.taobao.org%2F%40types%2Fnode%2Fdownload%2F%40types%2Fnode-14.14.31.tgz",
      "integrity": "sha1-cihr0z0TeqDRUtR+x8F2JWPTQFU=",
      "dev": true
    },
    "ajanuw-kstream": {
      "version": "0.1.1",
      "resolved": "https://registry.nlark.com/ajanuw-kstream/download/ajanuw-kstream-0.1.1.tgz",
      "integrity": "sha1-o7cyux87Uon/fyXyJjo/rX3DTmc="
    },
    "typescript": {
      "version": "4.2.2",
      "resolved": "https://registry.npm.taobao.org/typescript/download/typescript-4.2.2.tgz?cache=0&sync_timestamp=1614237834090&other_urls=https%3A%2F%2Fregistry.npm.taobao.org%2Ftypescript%2Fdownload%2Ftypescript-4.2.2.tgz",
      "integrity": "sha1-FFDwIGGPhy2w6hcxfRbY2o3bjEw=",
      "dev": true
    }
  }
}
